
Microsoft Visual Studio Solution File, Format Version 12.00
# Visual Studio 14
VisualStudioVersion = 14.0.25420.1
MinimumVisualStudioVersion = 10.0.40219.1
Project("{F184B08F-C81C-45F6-A57F-5ABD9991F28F}") = "capaEntidad", "..\capaEntidad\capaEntidad.vbproj", "{4F3BFD6F-CB26-466B-BAE9-9178521E596E}"
EndProject
Project("{F184B08F-C81C-45F6-A57F-5ABD9991F28F}") = "capaDatos", "capaDatos\capaDatos.vbproj", "{D9A55F09-7854-4416-B0DD-F8E39FD96C55}"
EndProject
Project("{F184B08F-C81C-45F6-A57F-5ABD9991F28F}") = "capaNegocios", "capaNegocios\capaNegocios.vbproj", "{37076D7E-5000-41C4-B56F-AF788D444096}"
EndProject
Project("{F184B08F-C81C-45F6-A57F-5ABD9991F28F}") = "capaPresentacion", "capaPresentacion\capaPresentacion.vbproj", "{38943DA2-2EE6-4E28-994A-AA0FBFFF48A6}"
EndProject
Global
	GlobalSection(SolutionConfigurationPlatforms) = preSolution
		Debug|Any CPU = Debug|Any CPU
		Release|Any CPU = Release|Any CPU
	EndGlobalSection
	GlobalSection(ProjectConfigurationPlatforms) = postSolution
		{4F3BFD6F-CB26-466B-BAE9-9178521E596E}.Debug|Any CPU.ActiveCfg = Debug|Any CPU
		{4F3BFD6F-CB26-466B-BAE9-9178521E596E}.Debug|Any CPU.Build.0 = Debug|Any CPU
		{4F3BFD6F-CB26-466B-BAE9-9178521E596E}.Release|Any CPU.ActiveCfg = Release|Any CPU
		{4F3BFD6F-CB26-466B-BAE9-9178521E596E}.Release|Any CPU.Build.0 = Release|Any CPU
		{D9A55F09-7854-4416-B0DD-F8E39FD96C55}.Debug|Any CPU.ActiveCfg = Debug|Any CPU
		{D9A55F09-7854-4416-B0DD-F8E39FD96C55}.Debug|Any CPU.Build.0 = Debug|Any CPU
		{D9A55F09-7854-4416-B0DD-F8E39FD96C55}.Release|Any CPU.ActiveCfg = Release|Any CPU
		{D9A55F09-7854-4416-B0DD-F8E39FD96C55}.Release|Any CPU.Build.0 = Release|Any CPU
		{37076D7E-5000-41C4-B56F-AF788D444096}.Debug|Any CPU.ActiveCfg = Debug|Any CPU
		{37076D7E-5000-41C4-B56F-AF788D444096}.Debug|Any CPU.Build.0 = Debug|Any CPU
		{37076D7E-5000-41C4-B56F-AF788D444096}.Release|Any CPU.ActiveCfg = Release|Any CPU
		{37076D7E-5000-41C4-B56F-AF788D444096}.Release|Any CPU.Build.0 = Release|Any CPU
		{38943DA2-2EE6-4E28-994A-AA0FBFFF48A6}.Debug|Any CPU.ActiveCfg = Debug|Any CPU
		{38943DA2-2EE6-4E28-994A-AA0FBFFF48A6}.Debug|Any CPU.Build.0 = Debug|Any CPU
		{38943DA2-2EE6-4E28-994A-AA0FBFFF48A6}.Release|Any CPU.ActiveCfg = Release|Any CPU
		{38943DA2-2EE6-4E28-994A-AA0FBFFF48A6}.Release|Any CPU.Build.0 = Release|Any CPU
	EndGlobalSection
	GlobalSection(SolutionProperties) = preSolution
		HideSolutionNode = FALSE
	EndGlobalSection
EndGlobal
